
Microsoft Visual Studio Solution File, Format Version 12.00
# Visual Studio Version 16
VisualStudioVersion = 16.0.30804.86
MinimumVisualStudioVersion = 10.0.40219.1
Project("{9A19103F-16F7-4668-BE54-9A1E7A4F7556}") = "VoterBE", "VoterBE\VoterBE.csproj", "{5A9627E2-1BAE-4406-91DD-5E3C329ECBD5}"
EndProject
Global
	GlobalSection(SolutionConfigurationPlatforms) = preSolution
		Debug|Any CPU = Debug|Any CPU
		Release|Any CPU = Release|Any CPU
	EndGlobalSection
	GlobalSection(ProjectConfigurationPlatforms) = postSolution
		{5A9627E2-1BAE-4406-91DD-5E3C329ECBD5}.Debug|Any CPU.ActiveCfg = Debug|Any CPU
		{5A9627E2-1BAE-4406-91DD-5E3C329ECBD5}.Debug|Any CPU.Build.0 = Debug|Any CPU
		{5A9627E2-1BAE-4406-91DD-5E3C329ECBD5}.Release|Any CPU.ActiveCfg = Release|Any CPU
		{5A9627E2-1BAE-4406-91DD-5E3C329ECBD5}.Release|Any CPU.Build.0 = Release|Any CPU
	EndGlobalSection
	GlobalSection(SolutionProperties) = preSolution
		HideSolutionNode = FALSE
	EndGlobalSection
	GlobalSection(ExtensibilityGlobals) = postSolution
		SolutionGuid = {47E74634-046F-4E89-8BB0-92B21ECCAA0B}
	EndGlobalSection
EndGlobal
